
Microsoft Visual Studio Solution File, Format Version 12.00
# Visual Studio Version 16
VisualStudioVersion = 16.0.31205.134
MinimumVisualStudioVersion = 10.0.40219.1
Project("{FAE04EC0-301F-11D3-BF4B-00C04F79EFBC}") = "Project_Ensemble.Android", "Project_Ensemble\Project_Ensemble.Android\Project_Ensemble.Android.csproj", "{5C937241-82D0-41B0-98F6-5FA04649C6AD}"
EndProject
Project("{FAE04EC0-301F-11D3-BF4B-00C04F79EFBC}") = "Project_Ensemble.iOS", "Project_Ensemble\Project_Ensemble.iOS\Project_Ensemble.iOS.csproj", "{7DF77B5C-DCA5-4C69-BB79-551810E6CAB4}"
EndProject
Project("{FAE04EC0-301F-11D3-BF4B-00C04F79EFBC}") = "Project_Ensemble", "Project_Ensemble\Project_Ensemble\Project_Ensemble.csproj", "{05C96607-A3EF-4856-B0B5-ACD41459CF6C}"
EndProject
Global
	GlobalSection(SolutionConfigurationPlatforms) = preSolution
		Debug|Any CPU = Debug|Any CPU
		Debug|iPhone = Debug|iPhone
		Debug|iPhoneSimulator = Debug|iPhoneSimulator
		Release|Any CPU = Release|Any CPU
		Release|iPhone = Release|iPhone
		Release|iPhoneSimulator = Release|iPhoneSimulator
	EndGlobalSection
	GlobalSection(ProjectConfigurationPlatforms) = postSolution
		{5C937241-82D0-41B0-98F6-5FA04649C6AD}.Debug|Any CPU.ActiveCfg = Debug|Any CPU
		{5C937241-82D0-41B0-98F6-5FA04649C6AD}.Debug|Any CPU.Build.0 = Debug|Any CPU
		{5C937241-82D0-41B0-98F6-5FA04649C6AD}.Debug|Any CPU.Deploy.0 = Debug|Any CPU
		{5C937241-82D0-41B0-98F6-5FA04649C6AD}.Debug|iPhone.ActiveCfg = Debug|Any CPU
		{5C937241-82D0-41B0-98F6-5FA04649C6AD}.Debug|iPhone.Build.0 = Debug|Any CPU
		{5C937241-82D0-41B0-98F6-5FA04649C6AD}.Debug|iPhone.Deploy.0 = Debug|Any CPU
		{5C937241-82D0-41B0-98F6-5FA04649C6AD}.Debug|iPhoneSimulator.ActiveCfg = Debug|Any CPU
		{5C937241-82D0-41B0-98F6-5FA04649C6AD}.Debug|iPhoneSimulator.Build.0 = Debug|Any CPU
		{5C937241-82D0-41B0-98F6-5FA04649C6AD}.Debug|iPhoneSimulator.Deploy.0 = Debug|Any CPU
		{5C937241-82D0-41B0-98F6-5FA04649C6AD}.Release|Any CPU.ActiveCfg = Release|Any CPU
		{5C937241-82D0-41B0-98F6-5FA04649C6AD}.Release|Any CPU.Build.0 = Release|Any CPU
		{5C937241-82D0-41B0-98F6-5FA04649C6AD}.Release|Any CPU.Deploy.0 = Release|Any CPU
		{5C937241-82D0-41B0-98F6-5FA04649C6AD}.Release|iPhone.ActiveCfg = Release|Any CPU
		{5C937241-82D0-41B0-98F6-5FA04649C6AD}.Release|iPhone.Build.0 = Release|Any CPU
		{5C937241-82D0-41B0-98F6-5FA04649C6AD}.Release|iPhone.Deploy.0 = Release|Any CPU
		{5C937241-82D0-41B0-98F6-5FA04649C6AD}.Release|iPhoneSimulator.ActiveCfg = Release|Any CPU
		{5C937241-82D0-41B0-98F6-5FA04649C6AD}.Release|iPhoneSimulator.Build.0 = Release|Any CPU
		{5C937241-82D0-41B0-98F6-5FA04649C6AD}.Release|iPhoneSimulator.Deploy.0 = Release|Any CPU
		{7DF77B5C-DCA5-4C69-BB79-551810E6CAB4}.Debug|Any CPU.ActiveCfg = Debug|iPhone
		{7DF77B5C-DCA5-4C69-BB79-551810E6CAB4}.Debug|Any CPU.Build.0 = Debug|iPhone
		{7DF77B5C-DCA5-4C69-BB79-551810E6CAB4}.Debug|Any CPU.Deploy.0 = Debug|iPhone
		{7DF77B5C-DCA5-4C69-BB79-551810E6CAB4}.Debug|iPhone.ActiveCfg = Debug|iPhone
		{7DF77B5C-DCA5-4C69-BB79-551810E6CAB4}.Debug|iPhone.Build.0 = Debug|iPhone
		{7DF77B5C-DCA5-4C69-BB79-551810E6CAB4}.Debug|iPhone.Deploy.0 = Debug|iPhone
		{7DF77B5C-DCA5-4C69-BB79-551810E6CAB4}.Debug|iPhoneSimulator.ActiveCfg = Debug|iPhoneSimulator
		{7DF77B5C-DCA5-4C69-BB79-551810E6CAB4}.Debug|iPhoneSimulator.Build.0 = Debug|iPhoneSimulator
		{7DF77B5C-DCA5-4C69-BB79-551810E6CAB4}.Debug|iPhoneSimulator.Deploy.0 = Debug|iPhoneSimulator
		{7DF77B5C-DCA5-4C69-BB79-551810E6CAB4}.Release|Any CPU.ActiveCfg = Release|iPhoneSimulator
		{7DF77B5C-DCA5-4C69-BB79-551810E6CAB4}.Release|Any CPU.Build.0 = Release|iPhoneSimulator
		{7DF77B5C-DCA5-4C69-BB79-551810E6CAB4}.Release|Any CPU.Deploy.0 = Release|iPhoneSimulator
		{7DF77B5C-DCA5-4C69-BB79-551810E6CAB4}.Release|iPhone.ActiveCfg = Release|iPhone
		{7DF77B5C-DCA5-4C69-BB79-551810E6CAB4}.Release|iPhone.Build.0 = Release|iPhone
		{7DF77B5C-DCA5-4C69-BB79-551810E6CAB4}.Release|iPhone.Deploy.0 = Release|iPhone
		{7DF77B5C-DCA5-4C69-BB79-551810E6CAB4}.Release|iPhoneSimulator.ActiveCfg = Release|iPhoneSimulator
		{7DF77B5C-DCA5-4C69-BB79-551810E6CAB4}.Release|iPhoneSimulator.Build.0 = Release|iPhoneSimulator
		{7DF77B5C-DCA5-4C69-BB79-551810E6CAB4}.Release|iPhoneSimulator.Deploy.0 = Release|iPhoneSimulator
		{05C96607-A3EF-4856-B0B5-ACD41459CF6C}.Debug|Any CPU.ActiveCfg = Debug|Any CPU
		{05C96607-A3EF-4856-B0B5-ACD41459CF6C}.Debug|Any CPU.Build.0 = Debug|Any CPU
		{05C96607-A3EF-4856-B0B5-ACD41459CF6C}.Debug|Any CPU.Deploy.0 = Debug|Any CPU
		{05C96607-A3EF-4856-B0B5-ACD41459CF6C}.Debug|iPhone.ActiveCfg = Debug|Any CPU
		{05C96607-A3EF-4856-B0B5-ACD41459CF6C}.Debug|iPhone.Build.0 = Debug|Any CPU
		{05C96607-A3EF-4856-B0B5-ACD41459CF6C}.Debug|iPhone.Deploy.0 = Debug|Any CPU
		{05C96607-A3EF-4856-B0B5-ACD41459CF6C}.Debug|iPhoneSimulator.ActiveCfg = Debug|Any CPU
		{05C96607-A3EF-4856-B0B5-ACD41459CF6C}.Debug|iPhoneSimulator.Build.0 = Debug|Any CPU
		{05C96607-A3EF-4856-B0B5-ACD41459CF6C}.Debug|iPhoneSimulator.Deploy.0 = Debug|Any CPU
		{05C96607-A3EF-4856-B0B5-ACD41459CF6C}.Release|Any CPU.ActiveCfg = Release|Any CPU
		{05C96607-A3EF-4856-B0B5-ACD41459CF6C}.Release|Any CPU.Build.0 = Release|Any CPU
		{05C96607-A3EF-4856-B0B5-ACD41459CF6C}.Release|Any CPU.Deploy.0 = Release|Any CPU
		{05C96607-A3EF-4856-B0B5-ACD41459CF6C}.Release|iPhone.ActiveCfg = Release|Any CPU
		{05C96607-A3EF-4856-B0B5-ACD41459CF6C}.Release|iPhone.Build.0 = Release|Any CPU
		{05C96607-A3EF-4856-B0B5-ACD41459CF6C}.Release|iPhone.Deploy.0 = Release|Any CPU
		{05C96607-A3EF-4856-B0B5-ACD41459CF6C}.Release|iPhoneSimulator.ActiveCfg = Release|Any CPU
		{05C96607-A3EF-4856-B0B5-ACD41459CF6C}.Release|iPhoneSimulator.Build.0 = Release|Any CPU
		{05C96607-A3EF-4856-B0B5-ACD41459CF6C}.Release|iPhoneSimulator.Deploy.0 = Release|Any CPU
	EndGlobalSection
	GlobalSection(SolutionProperties) = preSolution
		HideSolutionNode = FALSE
	EndGlobalSection
	GlobalSection(ExtensibilityGlobals) = postSolution
		SolutionGuid = {605EFCC6-F1F8-4CB5-B34E-492B3C71A654}
	EndGlobalSection
EndGlobal
